
Microsoft Visual Studio Solution File, Format Version 12.00
# Visual Studio Version 17
VisualStudioVersion = 17.6.33815.320
MinimumVisualStudioVersion = 10.0.40219.1
Project("{FAE04EC0-301F-11D3-BF4B-00C04F79EFBC}") = "5 - Esercitazione Diplomati", "5 - Esercitazione Diplomati\5 - Esercitazione Diplomati.csproj", "{EF9919E6-B5AD-41DF-AC38-873CAD9F3AC0}"
EndProject
Global
	GlobalSection(SolutionConfigurationPlatforms) = preSolution
		Debug|Any CPU = Debug|Any CPU
		Release|Any CPU = Release|Any CPU
	EndGlobalSection
	GlobalSection(ProjectConfigurationPlatforms) = postSolution
		{EF9919E6-B5AD-41DF-AC38-873CAD9F3AC0}.Debug|Any CPU.ActiveCfg = Debug|Any CPU
		{EF9919E6-B5AD-41DF-AC38-873CAD9F3AC0}.Debug|Any CPU.Build.0 = Debug|Any CPU
		{EF9919E6-B5AD-41DF-AC38-873CAD9F3AC0}.Release|Any CPU.ActiveCfg = Release|Any CPU
		{EF9919E6-B5AD-41DF-AC38-873CAD9F3AC0}.Release|Any CPU.Build.0 = Release|Any CPU
	EndGlobalSection
	GlobalSection(SolutionProperties) = preSolution
		HideSolutionNode = FALSE
	EndGlobalSection
	GlobalSection(ExtensibilityGlobals) = postSolution
		SolutionGuid = {57A74AEC-F3F0-4D7D-808C-9AD8D4F00CDD}
	EndGlobalSection
EndGlobal
